
Microsoft Visual Studio Solution File, Format Version 12.00
# Visual Studio 15
VisualStudioVersion = 15.0.28307.421
MinimumVisualStudioVersion = 10.0.40219.1
Project("{9A19103F-16F7-4668-BE54-9A1E7A4F7556}") = "DownloadManager", "DownloadManager\DownloadManager.csproj", "{996AAB08-0E1F-41B8-B8F7-55FF1A9D733D}"
EndProject
Project("{FAE04EC0-301F-11D3-BF4B-00C04F79EFBC}") = "DownloadApp.Android", "DownloadApp\DownloadApp.Android\DownloadApp.Android.csproj", "{8C9A10A0-A8DA-44F2-994D-D6D53DA43207}"
EndProject
Project("{FAE04EC0-301F-11D3-BF4B-00C04F79EFBC}") = "DownloadApp.iOS", "DownloadApp\DownloadApp.iOS\DownloadApp.iOS.csproj", "{5D7C4497-3238-4CA9-A073-AFCBB6BCEEAF}"
EndProject
Project("{FAE04EC0-301F-11D3-BF4B-00C04F79EFBC}") = "DownloadApp.UWP", "DownloadApp\DownloadApp.UWP\DownloadApp.UWP.csproj", "{1AEE203F-8542-4A60-BFFF-D3E363DD094C}"
EndProject
Project("{FAE04EC0-301F-11D3-BF4B-00C04F79EFBC}") = "DownloadApp", "DownloadApp\DownloadApp\DownloadApp.csproj", "{FC4D3FC6-AA32-4F67-A41C-474FD634280B}"
EndProject
Global
	GlobalSection(SolutionConfigurationPlatforms) = preSolution
		Ad-Hoc|Any CPU = Ad-Hoc|Any CPU
		Ad-Hoc|ARM = Ad-Hoc|ARM
		Ad-Hoc|iPhone = Ad-Hoc|iPhone
		Ad-Hoc|iPhoneSimulator = Ad-Hoc|iPhoneSimulator
		Ad-Hoc|x64 = Ad-Hoc|x64
		Ad-Hoc|x86 = Ad-Hoc|x86
		AppStore|Any CPU = AppStore|Any CPU
		AppStore|ARM = AppStore|ARM
		AppStore|iPhone = AppStore|iPhone
		AppStore|iPhoneSimulator = AppStore|iPhoneSimulator
		AppStore|x64 = AppStore|x64
		AppStore|x86 = AppStore|x86
		Debug|Any CPU = Debug|Any CPU
		Debug|ARM = Debug|ARM
		Debug|iPhone = Debug|iPhone
		Debug|iPhoneSimulator = Debug|iPhoneSimulator
		Debug|x64 = Debug|x64
		Debug|x86 = Debug|x86
		Release|Any CPU = Release|Any CPU
		Release|ARM = Release|ARM
		Release|iPhone = Release|iPhone
		Release|iPhoneSimulator = Release|iPhoneSimulator
		Release|x64 = Release|x64
		Release|x86 = Release|x86
	EndGlobalSection
	GlobalSection(ProjectConfigurationPlatforms) = postSolution
		{996AAB08-0E1F-41B8-B8F7-55FF1A9D733D}.Ad-Hoc|Any CPU.ActiveCfg = Release|Any CPU
		{996AAB08-0E1F-41B8-B8F7-55FF1A9D733D}.Ad-Hoc|Any CPU.Build.0 = Release|Any CPU
		{996AAB08-0E1F-41B8-B8F7-55FF1A9D733D}.Ad-Hoc|ARM.ActiveCfg = Release|Any CPU
		{996AAB08-0E1F-41B8-B8F7-55FF1A9D733D}.Ad-Hoc|ARM.Build.0 = Release|Any CPU
		{996AAB08-0E1F-41B8-B8F7-55FF1A9D733D}.Ad-Hoc|iPhone.ActiveCfg = Release|Any CPU
		{996AAB08-0E1F-41B8-B8F7-55FF1A9D733D}.Ad-Hoc|iPhone.Build.0 = Release|Any CPU
		{996AAB08-0E1F-41B8-B8F7-55FF1A9D733D}.Ad-Hoc|iPhoneSimulator.ActiveCfg = Release|Any CPU
		{996AAB08-0E1F-41B8-B8F7-55FF1A9D733D}.Ad-Hoc|iPhoneSimulator.Build.0 = Release|Any CPU
		{996AAB08-0E1F-41B8-B8F7-55FF1A9D733D}.Ad-Hoc|x64.ActiveCfg = Release|Any CPU
		{996AAB08-0E1F-41B8-B8F7-55FF1A9D733D}.Ad-Hoc|x64.Build.0 = Release|Any CPU
		{996AAB08-0E1F-41B8-B8F7-55FF1A9D733D}.Ad-Hoc|x86.ActiveCfg = Release|Any CPU
		{996AAB08-0E1F-41B8-B8F7-55FF1A9D733D}.Ad-Hoc|x86.Build.0 = Release|Any CPU
		{996AAB08-0E1F-41B8-B8F7-55FF1A9D733D}.AppStore|Any CPU.ActiveCfg = Release|Any CPU
		{996AAB08-0E1F-41B8-B8F7-55FF1A9D733D}.AppStore|Any CPU.Build.0 = Release|Any CPU
		{996AAB08-0E1F-41B8-B8F7-55FF1A9D733D}.AppStore|ARM.ActiveCfg = Release|Any CPU
		{996AAB08-0E1F-41B8-B8F7-55FF1A9D733D}.AppStore|ARM.Build.0 = Release|Any CPU
		{996AAB08-0E1F-41B8-B8F7-55FF1A9D733D}.AppStore|iPhone.ActiveCfg = Release|Any CPU
		{996AAB08-0E1F-41B8-B8F7-55FF1A9D733D}.AppStore|iPhone.Build.0 = Release|Any CPU
		{996AAB08-0E1F-41B8-B8F7-55FF1A9D733D}.AppStore|iPhoneSimulator.ActiveCfg = Release|Any CPU
		{996AAB08-0E1F-41B8-B8F7-55FF1A9D733D}.AppStore|iPhoneSimulator.Build.0 = Release|Any CPU
		{996AAB08-0E1F-41B8-B8F7-55FF1A9D733D}.AppStore|x64.ActiveCfg = Release|Any CPU
		{996AAB08-0E1F-41B8-B8F7-55FF1A9D733D}.AppStore|x64.Build.0 = Release|Any CPU
		{996AAB08-0E1F-41B8-B8F7-55FF1A9D733D}.AppStore|x86.ActiveCfg = Release|Any CPU
		{996AAB08-0E1F-41B8-B8F7-55FF1A9D733D}.AppStore|x86.Build.0 = Release|Any CPU
		{996AAB08-0E1F-41B8-B8F7-55FF1A9D733D}.Debug|Any CPU.ActiveCfg = Debug|Any CPU
		{996AAB08-0E1F-41B8-B8F7-55FF1A9D733D}.Debug|Any CPU.Build.0 = Debug|Any CPU
		{996AAB08-0E1F-41B8-B8F7-55FF1A9D733D}.Debug|ARM.ActiveCfg = Debug|Any CPU
		{996AAB08-0E1F-41B8-B8F7-55FF1A9D733D}.Debug|ARM.Build.0 = Debug|Any CPU
		{996AAB08-0E1F-41B8-B8F7-55FF1A9D733D}.Debug|iPhone.ActiveCfg = Debug|Any CPU
		{996AAB08-0E1F-41B8-B8F7-55FF1A9D733D}.Debug|iPhone.Build.0 = Debug|Any CPU
		{996AAB08-0E1F-41B8-B8F7-55FF1A9D733D}.Debug|iPhoneSimulator.ActiveCfg = Debug|Any CPU
		{996AAB08-0E1F-41B8-B8F7-55FF1A9D733D}.Debug|iPhoneSimulator.Build.0 = Debug|Any CPU
		{996AAB08-0E1F-41B8-B8F7-55FF1A9D733D}.Debug|x64.ActiveCfg = Debug|Any CPU
		{996AAB08-0E1F-41B8-B8F7-55FF1A9D733D}.Debug|x64.Build.0 = Debug|Any CPU
		{996AAB08-0E1F-41B8-B8F7-55FF1A9D733D}.Debug|x86.ActiveCfg = Debug|Any CPU
		{996AAB08-0E1F-41B8-B8F7-55FF1A9D733D}.Debug|x86.Build.0 = Debug|Any CPU
		{996AAB08-0E1F-41B8-B8F7-55FF1A9D733D}.Release|Any CPU.ActiveCfg = Release|Any CPU
		{996AAB08-0E1F-41B8-B8F7-55FF1A9D733D}.Release|Any CPU.Build.0 = Release|Any CPU
		{996AAB08-0E1F-41B8-B8F7-55FF1A9D733D}.Release|ARM.ActiveCfg = Release|Any CPU
		{996AAB08-0E1F-41B8-B8F7-55FF1A9D733D}.Release|ARM.Build.0 = Release|Any CPU
		{996AAB08-0E1F-41B8-B8F7-55FF1A9D733D}.Release|iPhone.ActiveCfg = Release|Any CPU
		{996AAB08-0E1F-41B8-B8F7-55FF1A9D733D}.Release|iPhone.Build.0 = Release|Any CPU
		{996AAB08-0E1F-41B8-B8F7-55FF1A9D733D}.Release|iPhoneSimulator.ActiveCfg = Release|Any CPU
		{996AAB08-0E1F-41B8-B8F7-55FF1A9D733D}.Release|iPhoneSimulator.Build.0 = Release|Any CPU
		{996AAB08-0E1F-41B8-B8F7-55FF1A9D733D}.Release|x64.ActiveCfg = Release|Any CPU
		{996AAB08-0E1F-41B8-B8F7-55FF1A9D733D}.Release|x64.Build.0 = Release|Any CPU
		{996AAB08-0E1F-41B8-B8F7-55FF1A9D733D}.Release|x86.ActiveCfg = Release|Any CPU
		{996AAB08-0E1F-41B8-B8F7-55FF1A9D733D}.Release|x86.Build.0 = Release|Any CPU
		{8C9A10A0-A8DA-44F2-994D-D6D53DA43207}.Ad-Hoc|Any CPU.ActiveCfg = Release|Any CPU
		{8C9A10A0-A8DA-44F2-994D-D6D53DA43207}.Ad-Hoc|Any CPU.Build.0 = Release|Any CPU
		{8C9A10A0-A8DA-44F2-994D-D6D53DA43207}.Ad-Hoc|Any CPU.Deploy.0 = Release|Any CPU
		{8C9A10A0-A8DA-44F2-994D-D6D53DA43207}.Ad-Hoc|ARM.ActiveCfg = Release|Any CPU
		{8C9A10A0-A8DA-44F2-994D-D6D53DA43207}.Ad-Hoc|ARM.Build.0 = Release|Any CPU
		{8C9A10A0-A8DA-44F2-994D-D6D53DA43207}.Ad-Hoc|ARM.Deploy.0 = Release|Any CPU
		{8C9A10A0-A8DA-44F2-994D-D6D53DA43207}.Ad-Hoc|iPhone.ActiveCfg = Release|Any CPU
		{8C9A10A0-A8DA-44F2-994D-D6D53DA43207}.Ad-Hoc|iPhone.Build.0 = Release|Any CPU
		{8C9A10A0-A8DA-44F2-994D-D6D53DA43207}.Ad-Hoc|iPhone.Deploy.0 = Release|Any CPU
		{8C9A10A0-A8DA-44F2-994D-D6D53DA43207}.Ad-Hoc|iPhoneSimulator.ActiveCfg = Release|Any CPU
		{8C9A10A0-A8DA-44F2-994D-D6D53DA43207}.Ad-Hoc|iPhoneSimulator.Build.0 = Release|Any CPU
		{8C9A10A0-A8DA-44F2-994D-D6D53DA43207}.Ad-Hoc|iPhoneSimulator.Deploy.0 = Release|Any CPU
		{8C9A10A0-A8DA-44F2-994D-D6D53DA43207}.Ad-Hoc|x64.ActiveCfg = Release|Any CPU
		{8C9A10A0-A8DA-44F2-994D-D6D53DA43207}.Ad-Hoc|x64.Build.0 = Release|Any CPU
		{8C9A10A0-A8DA-44F2-994D-D6D53DA43207}.Ad-Hoc|x64.Deploy.0 = Release|Any CPU
		{8C9A10A0-A8DA-44F2-994D-D6D53DA43207}.Ad-Hoc|x86.ActiveCfg = Release|Any CPU
		{8C9A10A0-A8DA-44F2-994D-D6D53DA43207}.Ad-Hoc|x86.Build.0 = Release|Any CPU
		{8C9A10A0-A8DA-44F2-994D-D6D53DA43207}.Ad-Hoc|x86.Deploy.0 = Release|Any CPU
		{8C9A10A0-A8DA-44F2-994D-D6D53DA43207}.AppStore|Any CPU.ActiveCfg = Release|Any CPU
		{8C9A10A0-A8DA-44F2-994D-D6D53DA43207}.AppStore|Any CPU.Build.0 = Release|Any CPU
		{8C9A10A0-A8DA-44F2-994D-D6D53DA43207}.AppStore|Any CPU.Deploy.0 = Release|Any CPU
		{8C9A10A0-A8DA-44F2-994D-D6D53DA43207}.AppStore|ARM.ActiveCfg = Release|Any CPU
		{8C9A10A0-A8DA-44F2-994D-D6D53DA43207}.AppStore|ARM.Build.0 = Release|Any CPU
		{8C9A10A0-A8DA-44F2-994D-D6D53DA43207}.AppStore|ARM.Deploy.0 = Release|Any CPU
		{8C9A10A0-A8DA-44F2-994D-D6D53DA43207}.AppStore|iPhone.ActiveCfg = Release|Any CPU
		{8C9A10A0-A8DA-44F2-994D-D6D53DA43207}.AppStore|iPhone.Build.0 = Release|Any CPU
		{8C9A10A0-A8DA-44F2-994D-D6D53DA43207}.AppStore|iPhone.Deploy.0 = Release|Any CPU
		{8C9A10A0-A8DA-44F2-994D-D6D53DA43207}.AppStore|iPhoneSimulator.ActiveCfg = Release|Any CPU
		{8C9A10A0-A8DA-44F2-994D-D6D53DA43207}.AppStore|iPhoneSimulator.Build.0 = Release|Any CPU
		{8C9A10A0-A8DA-44F2-994D-D6D53DA43207}.AppStore|iPhoneSimulator.Deploy.0 = Release|Any CPU
		{8C9A10A0-A8DA-44F2-994D-D6D53DA43207}.AppStore|x64.ActiveCfg = Release|Any CPU
		{8C9A10A0-A8DA-44F2-994D-D6D53DA43207}.AppStore|x64.Build.0 = Release|Any CPU
		{8C9A10A0-A8DA-44F2-994D-D6D53DA43207}.AppStore|x64.Deploy.0 = Release|Any CPU
		{8C9A10A0-A8DA-44F2-994D-D6D53DA43207}.AppStore|x86.ActiveCfg = Release|Any CPU
		{8C9A10A0-A8DA-44F2-994D-D6D53DA43207}.AppStore|x86.Build.0 = Release|Any CPU
		{8C9A10A0-A8DA-44F2-994D-D6D53DA43207}.AppStore|x86.Deploy.0 = Release|Any CPU
		{8C9A10A0-A8DA-44F2-994D-D6D53DA43207}.Debug|Any CPU.ActiveCfg = Debug|Any CPU
		{8C9A10A0-A8DA-44F2-994D-D6D53DA43207}.Debug|Any CPU.Build.0 = Debug|Any CPU
		{8C9A10A0-A8DA-44F2-994D-D6D53DA43207}.Debug|Any CPU.Deploy.0 = Debug|Any CPU
		{8C9A10A0-A8DA-44F2-994D-D6D53DA43207}.Debug|ARM.ActiveCfg = Debug|Any CPU
		{8C9A10A0-A8DA-44F2-994D-D6D53DA43207}.Debug|ARM.Build.0 = Debug|Any CPU
		{8C9A10A0-A8DA-44F2-994D-D6D53DA43207}.Debug|ARM.Deploy.0 = Debug|Any CPU
		{8C9A10A0-A8DA-44F2-994D-D6D53DA43207}.Debug|iPhone.ActiveCfg = Debug|Any CPU
		{8C9A10A0-A8DA-44F2-994D-D6D53DA43207}.Debug|iPhone.Build.0 = Debug|Any CPU
		{8C9A10A0-A8DA-44F2-994D-D6D53DA43207}.Debug|iPhone.Deploy.0 = Debug|Any CPU
		{8C9A10A0-A8DA-44F2-994D-D6D53DA43207}.Debug|iPhoneSimulator.ActiveCfg = Debug|Any CPU
		{8C9A10A0-A8DA-44F2-994D-D6D53DA43207}.Debug|iPhoneSimulator.Build.0 = Debug|Any CPU
		{8C9A10A0-A8DA-44F2-994D-D6D53DA43207}.Debug|iPhoneSimulator.Deploy.0 = Debug|Any CPU
		{8C9A10A0-A8DA-44F2-994D-D6D53DA43207}.Debug|x64.ActiveCfg = Debug|Any CPU
		{8C9A10A0-A8DA-44F2-994D-D6D53DA43207}.Debug|x64.Build.0 = Debug|Any CPU
		{8C9A10A0-A8DA-44F2-994D-D6D53DA43207}.Debug|x64.Deploy.0 = Debug|Any CPU
		{8C9A10A0-A8DA-44F2-994D-D6D53DA43207}.Debug|x86.ActiveCfg = Debug|Any CPU
		{8C9A10A0-A8DA-44F2-994D-D6D53DA43207}.Debug|x86.Build.0 = Debug|Any CPU
		{8C9A10A0-A8DA-44F2-994D-D6D53DA43207}.Debug|x86.Deploy.0 = Debug|Any CPU
		{8C9A10A0-A8DA-44F2-994D-D6D53DA43207}.Release|Any CPU.ActiveCfg = Release|Any CPU
		{8C9A10A0-A8DA-44F2-994D-D6D53DA43207}.Release|Any CPU.Build.0 = Release|Any CPU
		{8C9A10A0-A8DA-44F2-994D-D6D53DA43207}.Release|Any CPU.Deploy.0 = Release|Any CPU
		{8C9A10A0-A8DA-44F2-994D-D6D53DA43207}.Release|ARM.ActiveCfg = Release|Any CPU
		{8C9A10A0-A8DA-44F2-994D-D6D53DA43207}.Release|ARM.Build.0 = Release|Any CPU
		{8C9A10A0-A8DA-44F2-994D-D6D53DA43207}.Release|ARM.Deploy.0 = Release|Any CPU
		{8C9A10A0-A8DA-44F2-994D-D6D53DA43207}.Release|iPhone.ActiveCfg = Release|Any CPU
		{8C9A10A0-A8DA-44F2-994D-D6D53DA43207}.Release|iPhone.Build.0 = Release|Any CPU
		{8C9A10A0-A8DA-44F2-994D-D6D53DA43207}.Release|iPhone.Deploy.0 = Release|Any CPU
		{8C9A10A0-A8DA-44F2-994D-D6D53DA43207}.Release|iPhoneSimulator.ActiveCfg = Release|Any CPU
		{8C9A10A0-A8DA-44F2-994D-D6D53DA43207}.Release|iPhoneSimulator.Build.0 = Release|Any CPU
		{8C9A10A0-A8DA-44F2-994D-D6D53DA43207}.Release|iPhoneSimulator.Deploy.0 = Release|Any CPU
		{8C9A10A0-A8DA-44F2-994D-D6D53DA43207}.Release|x64.ActiveCfg = Release|Any CPU
		{8C9A10A0-A8DA-44F2-994D-D6D53DA43207}.Release|x64.Build.0 = Release|Any CPU
		{8C9A10A0-A8DA-44F2-994D-D6D53DA43207}.Release|x64.Deploy.0 = Release|Any CPU
		{8C9A10A0-A8DA-44F2-994D-D6D53DA43207}.Release|x86.ActiveCfg = Release|Any CPU
		{8C9A10A0-A8DA-44F2-994D-D6D53DA43207}.Release|x86.Build.0 = Release|Any CPU
		{8C9A10A0-A8DA-44F2-994D-D6D53DA43207}.Release|x86.Deploy.0 = Release|Any CPU
		{5D7C4497-3238-4CA9-A073-AFCBB6BCEEAF}.Ad-Hoc|Any CPU.ActiveCfg = Ad-Hoc|iPhone
		{5D7C4497-3238-4CA9-A073-AFCBB6BCEEAF}.Ad-Hoc|ARM.ActiveCfg = Ad-Hoc|iPhone
		{5D7C4497-3238-4CA9-A073-AFCBB6BCEEAF}.Ad-Hoc|iPhone.ActiveCfg = Ad-Hoc|iPhone
		{5D7C4497-3238-4CA9-A073-AFCBB6BCEEAF}.Ad-Hoc|iPhone.Build.0 = Ad-Hoc|iPhone
		{5D7C4497-3238-4CA9-A073-AFCBB6BCEEAF}.Ad-Hoc|iPhoneSimulator.ActiveCfg = Ad-Hoc|iPhoneSimulator
		{5D7C4497-3238-4CA9-A073-AFCBB6BCEEAF}.Ad-Hoc|iPhoneSimulator.Build.0 = Ad-Hoc|iPhoneSimulator
		{5D7C4497-3238-4CA9-A073-AFCBB6BCEEAF}.Ad-Hoc|x64.ActiveCfg = Ad-Hoc|iPhone
		{5D7C4497-3238-4CA9-A073-AFCBB6BCEEAF}.Ad-Hoc|x86.ActiveCfg = Ad-Hoc|iPhone
		{5D7C4497-3238-4CA9-A073-AFCBB6BCEEAF}.AppStore|Any CPU.ActiveCfg = AppStore|iPhone
		{5D7C4497-3238-4CA9-A073-AFCBB6BCEEAF}.AppStore|ARM.ActiveCfg = AppStore|iPhone
		{5D7C4497-3238-4CA9-A073-AFCBB6BCEEAF}.AppStore|iPhone.ActiveCfg = AppStore|iPhone
		{5D7C4497-3238-4CA9-A073-AFCBB6BCEEAF}.AppStore|iPhone.Build.0 = AppStore|iPhone
		{5D7C4497-3238-4CA9-A073-AFCBB6BCEEAF}.AppStore|iPhoneSimulator.ActiveCfg = AppStore|iPhoneSimulator
		{5D7C4497-3238-4CA9-A073-AFCBB6BCEEAF}.AppStore|iPhoneSimulator.Build.0 = AppStore|iPhoneSimulator
		{5D7C4497-3238-4CA9-A073-AFCBB6BCEEAF}.AppStore|x64.ActiveCfg = AppStore|iPhone
		{5D7C4497-3238-4CA9-A073-AFCBB6BCEEAF}.AppStore|x86.ActiveCfg = AppStore|iPhone
		{5D7C4497-3238-4CA9-A073-AFCBB6BCEEAF}.Debug|Any CPU.ActiveCfg = Debug|iPhone
		{5D7C4497-3238-4CA9-A073-AFCBB6BCEEAF}.Debug|ARM.ActiveCfg = Debug|iPhone
		{5D7C4497-3238-4CA9-A073-AFCBB6BCEEAF}.Debug|iPhone.ActiveCfg = Debug|iPhone
		{5D7C4497-3238-4CA9-A073-AFCBB6BCEEAF}.Debug|iPhone.Build.0 = Debug|iPhone
		{5D7C4497-3238-4CA9-A073-AFCBB6BCEEAF}.Debug|iPhoneSimulator.ActiveCfg = Debug|iPhoneSimulator
		{5D7C4497-3238-4CA9-A073-AFCBB6BCEEAF}.Debug|iPhoneSimulator.Build.0 = Debug|iPhoneSimulator
		{5D7C4497-3238-4CA9-A073-AFCBB6BCEEAF}.Debug|x64.ActiveCfg = Debug|iPhone
		{5D7C4497-3238-4CA9-A073-AFCBB6BCEEAF}.Debug|x86.ActiveCfg = Debug|iPhone
		{5D7C4497-3238-4CA9-A073-AFCBB6BCEEAF}.Release|Any CPU.ActiveCfg = Release|iPhone
		{5D7C4497-3238-4CA9-A073-AFCBB6BCEEAF}.Release|ARM.ActiveCfg = Release|iPhone
		{5D7C4497-3238-4CA9-A073-AFCBB6BCEEAF}.Release|iPhone.ActiveCfg = Release|iPhone
		{5D7C4497-3238-4CA9-A073-AFCBB6BCEEAF}.Release|iPhone.Build.0 = Release|iPhone
		{5D7C4497-3238-4CA9-A073-AFCBB6BCEEAF}.Release|iPhoneSimulator.ActiveCfg = Release|iPhoneSimulator
		{5D7C4497-3238-4CA9-A073-AFCBB6BCEEAF}.Release|iPhoneSimulator.Build.0 = Release|iPhoneSimulator
		{5D7C4497-3238-4CA9-A073-AFCBB6BCEEAF}.Release|x64.ActiveCfg = Release|iPhone
		{5D7C4497-3238-4CA9-A073-AFCBB6BCEEAF}.Release|x86.ActiveCfg = Release|iPhone
		{1AEE203F-8542-4A60-BFFF-D3E363DD094C}.Ad-Hoc|Any CPU.ActiveCfg = Release|x86
		{1AEE203F-8542-4A60-BFFF-D3E363DD094C}.Ad-Hoc|Any CPU.Build.0 = Release|x86
		{1AEE203F-8542-4A60-BFFF-D3E363DD094C}.Ad-Hoc|Any CPU.Deploy.0 = Release|x86
		{1AEE203F-8542-4A60-BFFF-D3E363DD094C}.Ad-Hoc|ARM.ActiveCfg = Release|ARM
		{1AEE203F-8542-4A60-BFFF-D3E363DD094C}.Ad-Hoc|ARM.Build.0 = Release|ARM
		{1AEE203F-8542-4A60-BFFF-D3E363DD094C}.Ad-Hoc|ARM.Deploy.0 = Release|ARM
		{1AEE203F-8542-4A60-BFFF-D3E363DD094C}.Ad-Hoc|iPhone.ActiveCfg = Release|x86
		{1AEE203F-8542-4A60-BFFF-D3E363DD094C}.Ad-Hoc|iPhone.Build.0 = Release|x86
		{1AEE203F-8542-4A60-BFFF-D3E363DD094C}.Ad-Hoc|iPhone.Deploy.0 = Release|x86
		{1AEE203F-8542-4A60-BFFF-D3E363DD094C}.Ad-Hoc|iPhoneSimulator.ActiveCfg = Release|x86
		{1AEE203F-8542-4A60-BFFF-D3E363DD094C}.Ad-Hoc|iPhoneSimulator.Build.0 = Release|x86
		{1AEE203F-8542-4A60-BFFF-D3E363DD094C}.Ad-Hoc|iPhoneSimulator.Deploy.0 = Release|x86
		{1AEE203F-8542-4A60-BFFF-D3E363DD094C}.Ad-Hoc|x64.ActiveCfg = Release|x64
		{1AEE203F-8542-4A60-BFFF-D3E363DD094C}.Ad-Hoc|x64.Build.0 = Release|x64
		{1AEE203F-8542-4A60-BFFF-D3E363DD094C}.Ad-Hoc|x64.Deploy.0 = Release|x64
		{1AEE203F-8542-4A60-BFFF-D3E363DD094C}.Ad-Hoc|x86.ActiveCfg = Release|x86
		{1AEE203F-8542-4A60-BFFF-D3E363DD094C}.Ad-Hoc|x86.Build.0 = Release|x86
		{1AEE203F-8542-4A60-BFFF-D3E363DD094C}.Ad-Hoc|x86.Deploy.0 = Release|x86
		{1AEE203F-8542-4A60-BFFF-D3E363DD094C}.AppStore|Any CPU.ActiveCfg = Release|x86
		{1AEE203F-8542-4A60-BFFF-D3E363DD094C}.AppStore|Any CPU.Build.0 = Release|x86
		{1AEE203F-8542-4A60-BFFF-D3E363DD094C}.AppStore|Any CPU.Deploy.0 = Release|x86
		{1AEE203F-8542-4A60-BFFF-D3E363DD094C}.AppStore|ARM.ActiveCfg = Release|ARM
		{1AEE203F-8542-4A60-BFFF-D3E363DD094C}.AppStore|ARM.Build.0 = Release|ARM
		{1AEE203F-8542-4A60-BFFF-D3E363DD094C}.AppStore|ARM.Deploy.0 = Release|ARM
		{1AEE203F-8542-4A60-BFFF-D3E363DD094C}.AppStore|iPhone.ActiveCfg = Release|x86
		{1AEE203F-8542-4A60-BFFF-D3E363DD094C}.AppStore|iPhone.Build.0 = Release|x86
		{1AEE203F-8542-4A60-BFFF-D3E363DD094C}.AppStore|iPhone.Deploy.0 = Release|x86
		{1AEE203F-8542-4A60-BFFF-D3E363DD094C}.AppStore|iPhoneSimulator.ActiveCfg = Release|x86
		{1AEE203F-8542-4A60-BFFF-D3E363DD094C}.AppStore|iPhoneSimulator.Build.0 = Release|x86
		{1AEE203F-8542-4A60-BFFF-D3E363DD094C}.AppStore|iPhoneSimulator.Deploy.0 = Release|x86
		{1AEE203F-8542-4A60-BFFF-D3E363DD094C}.AppStore|x64.ActiveCfg = Release|x64
		{1AEE203F-8542-4A60-BFFF-D3E363DD094C}.AppStore|x64.Build.0 = Release|x64
		{1AEE203F-8542-4A60-BFFF-D3E363DD094C}.AppStore|x64.Deploy.0 = Release|x64
		{1AEE203F-8542-4A60-BFFF-D3E363DD094C}.AppStore|x86.ActiveCfg = Release|x86
		{1AEE203F-8542-4A60-BFFF-D3E363DD094C}.AppStore|x86.Build.0 = Release|x86
		{1AEE203F-8542-4A60-BFFF-D3E363DD094C}.AppStore|x86.Deploy.0 = Release|x86
		{1AEE203F-8542-4A60-BFFF-D3E363DD094C}.Debug|Any CPU.ActiveCfg = Debug|x86
		{1AEE203F-8542-4A60-BFFF-D3E363DD094C}.Debug|ARM.ActiveCfg = Debug|ARM
		{1AEE203F-8542-4A60-BFFF-D3E363DD094C}.Debug|ARM.Build.0 = Debug|ARM
		{1AEE203F-8542-4A60-BFFF-D3E363DD094C}.Debug|ARM.Deploy.0 = Debug|ARM
		{1AEE203F-8542-4A60-BFFF-D3E363DD094C}.Debug|iPhone.ActiveCfg = Debug|x86
		{1AEE203F-8542-4A60-BFFF-D3E363DD094C}.Debug|iPhoneSimulator.ActiveCfg = Debug|x86
		{1AEE203F-8542-4A60-BFFF-D3E363DD094C}.Debug|x64.ActiveCfg = Debug|x64
		{1AEE203F-8542-4A60-BFFF-D3E363DD094C}.Debug|x64.Build.0 = Debug|x64
		{1AEE203F-8542-4A60-BFFF-D3E363DD094C}.Debug|x64.Deploy.0 = Debug|x64
		{1AEE203F-8542-4A60-BFFF-D3E363DD094C}.Debug|x86.ActiveCfg = Debug|x86
		{1AEE203F-8542-4A60-BFFF-D3E363DD094C}.Debug|x86.Build.0 = Debug|x86
		{1AEE203F-8542-4A60-BFFF-D3E363DD094C}.Debug|x86.Deploy.0 = Debug|x86
		{1AEE203F-8542-4A60-BFFF-D3E363DD094C}.Release|Any CPU.ActiveCfg = Release|x86
		{1AEE203F-8542-4A60-BFFF-D3E363DD094C}.Release|ARM.ActiveCfg = Release|ARM
		{1AEE203F-8542-4A60-BFFF-D3E363DD094C}.Release|ARM.Build.0 = Release|ARM
		{1AEE203F-8542-4A60-BFFF-D3E363DD094C}.Release|ARM.Deploy.0 = Release|ARM
		{1AEE203F-8542-4A60-BFFF-D3E363DD094C}.Release|iPhone.ActiveCfg = Release|x86
		{1AEE203F-8542-4A60-BFFF-D3E363DD094C}.Release|iPhoneSimulator.ActiveCfg = Release|x86
		{1AEE203F-8542-4A60-BFFF-D3E363DD094C}.Release|x64.ActiveCfg = Release|x64
		{1AEE203F-8542-4A60-BFFF-D3E363DD094C}.Release|x64.Build.0 = Release|x64
		{1AEE203F-8542-4A60-BFFF-D3E363DD094C}.Release|x64.Deploy.0 = Release|x64
		{1AEE203F-8542-4A60-BFFF-D3E363DD094C}.Release|x86.ActiveCfg = Release|x86
		{1AEE203F-8542-4A60-BFFF-D3E363DD094C}.Release|x86.Build.0 = Release|x86
		{1AEE203F-8542-4A60-BFFF-D3E363DD094C}.Release|x86.Deploy.0 = Release|x86
		{FC4D3FC6-AA32-4F67-A41C-474FD634280B}.Ad-Hoc|Any CPU.ActiveCfg = Debug|Any CPU
		{FC4D3FC6-AA32-4F67-A41C-474FD634280B}.Ad-Hoc|Any CPU.Build.0 = Debug|Any CPU
		{FC4D3FC6-AA32-4F67-A41C-474FD634280B}.Ad-Hoc|ARM.ActiveCfg = Debug|Any CPU
		{FC4D3FC6-AA32-4F67-A41C-474FD634280B}.Ad-Hoc|ARM.Build.0 = Debug|Any CPU
		{FC4D3FC6-AA32-4F67-A41C-474FD634280B}.Ad-Hoc|iPhone.ActiveCfg = Debug|Any CPU
		{FC4D3FC6-AA32-4F67-A41C-474FD634280B}.Ad-Hoc|iPhone.Build.0 = Debug|Any CPU
		{FC4D3FC6-AA32-4F67-A41C-474FD634280B}.Ad-Hoc|iPhoneSimulator.ActiveCfg = Debug|Any CPU
		{FC4D3FC6-AA32-4F67-A41C-474FD634280B}.Ad-Hoc|iPhoneSimulator.Build.0 = Debug|Any CPU
		{FC4D3FC6-AA32-4F67-A41C-474FD634280B}.Ad-Hoc|x64.ActiveCfg = Debug|Any CPU
		{FC4D3FC6-AA32-4F67-A41C-474FD634280B}.Ad-Hoc|x64.Build.0 = Debug|Any CPU
		{FC4D3FC6-AA32-4F67-A41C-474FD634280B}.Ad-Hoc|x86.ActiveCfg = Debug|Any CPU
		{FC4D3FC6-AA32-4F67-A41C-474FD634280B}.Ad-Hoc|x86.Build.0 = Debug|Any CPU
		{FC4D3FC6-AA32-4F67-A41C-474FD634280B}.AppStore|Any CPU.ActiveCfg = Debug|Any CPU
		{FC4D3FC6-AA32-4F67-A41C-474FD634280B}.AppStore|Any CPU.Build.0 = Debug|Any CPU
		{FC4D3FC6-AA32-4F67-A41C-474FD634280B}.AppStore|ARM.ActiveCfg = Debug|Any CPU
		{FC4D3FC6-AA32-4F67-A41C-474FD634280B}.AppStore|ARM.Build.0 = Debug|Any CPU
		{FC4D3FC6-AA32-4F67-A41C-474FD634280B}.AppStore|iPhone.ActiveCfg = Debug|Any CPU
		{FC4D3FC6-AA32-4F67-A41C-474FD634280B}.AppStore|iPhone.Build.0 = Debug|Any CPU
		{FC4D3FC6-AA32-4F67-A41C-474FD634280B}.AppStore|iPhoneSimulator.ActiveCfg = Debug|Any CPU
		{FC4D3FC6-AA32-4F67-A41C-474FD634280B}.AppStore|iPhoneSimulator.Build.0 = Debug|Any CPU
		{FC4D3FC6-AA32-4F67-A41C-474FD634280B}.AppStore|x64.ActiveCfg = Debug|Any CPU
		{FC4D3FC6-AA32-4F67-A41C-474FD634280B}.AppStore|x64.Build.0 = Debug|Any CPU
		{FC4D3FC6-AA32-4F67-A41C-474FD634280B}.AppStore|x86.ActiveCfg = Debug|Any CPU
		{FC4D3FC6-AA32-4F67-A41C-474FD634280B}.AppStore|x86.Build.0 = Debug|Any CPU
		{FC4D3FC6-AA32-4F67-A41C-474FD634280B}.Debug|Any CPU.ActiveCfg = Debug|Any CPU
		{FC4D3FC6-AA32-4F67-A41C-474FD634280B}.Debug|Any CPU.Build.0 = Debug|Any CPU
		{FC4D3FC6-AA32-4F67-A41C-474FD634280B}.Debug|ARM.ActiveCfg = Debug|Any CPU
		{FC4D3FC6-AA32-4F67-A41C-474FD634280B}.Debug|ARM.Build.0 = Debug|Any CPU
		{FC4D3FC6-AA32-4F67-A41C-474FD634280B}.Debug|iPhone.ActiveCfg = Debug|Any CPU
		{FC4D3FC6-AA32-4F67-A41C-474FD634280B}.Debug|iPhone.Build.0 = Debug|Any CPU
		{FC4D3FC6-AA32-4F67-A41C-474FD634280B}.Debug|iPhoneSimulator.ActiveCfg = Debug|Any CPU
		{FC4D3FC6-AA32-4F67-A41C-474FD634280B}.Debug|iPhoneSimulator.Build.0 = Debug|Any CPU
		{FC4D3FC6-AA32-4F67-A41C-474FD634280B}.Debug|x64.ActiveCfg = Debug|Any CPU
		{FC4D3FC6-AA32-4F67-A41C-474FD634280B}.Debug|x64.Build.0 = Debug|Any CPU
		{FC4D3FC6-AA32-4F67-A41C-474FD634280B}.Debug|x86.ActiveCfg = Debug|Any CPU
		{FC4D3FC6-AA32-4F67-A41C-474FD634280B}.Debug|x86.Build.0 = Debug|Any CPU
		{FC4D3FC6-AA32-4F67-A41C-474FD634280B}.Release|Any CPU.ActiveCfg = Release|Any CPU
		{FC4D3FC6-AA32-4F67-A41C-474FD634280B}.Release|Any CPU.Build.0 = Release|Any CPU
		{FC4D3FC6-AA32-4F67-A41C-474FD634280B}.Release|ARM.ActiveCfg = Release|Any CPU
		{FC4D3FC6-AA32-4F67-A41C-474FD634280B}.Release|ARM.Build.0 = Release|Any CPU
		{FC4D3FC6-AA32-4F67-A41C-474FD634280B}.Release|iPhone.ActiveCfg = Release|Any CPU
		{FC4D3FC6-AA32-4F67-A41C-474FD634280B}.Release|iPhone.Build.0 = Release|Any CPU
		{FC4D3FC6-AA32-4F67-A41C-474FD634280B}.Release|iPhoneSimulator.ActiveCfg = Release|Any CPU
		{FC4D3FC6-AA32-4F67-A41C-474FD634280B}.Release|iPhoneSimulator.Build.0 = Release|Any CPU
		{FC4D3FC6-AA32-4F67-A41C-474FD634280B}.Release|x64.ActiveCfg = Release|Any CPU
		{FC4D3FC6-AA32-4F67-A41C-474FD634280B}.Release|x64.Build.0 = Release|Any CPU
		{FC4D3FC6-AA32-4F67-A41C-474FD634280B}.Release|x86.ActiveCfg = Release|Any CPU
		{FC4D3FC6-AA32-4F67-A41C-474FD634280B}.Release|x86.Build.0 = Release|Any CPU
	EndGlobalSection
	GlobalSection(SolutionProperties) = preSolution
		HideSolutionNode = FALSE
	EndGlobalSection
	GlobalSection(ExtensibilityGlobals) = postSolution
		SolutionGuid = {71D3A55D-3006-47FF-BD92-17ACF82344B0}
	EndGlobalSection
EndGlobal
